
Microsoft Visual Studio Solution File, Format Version 12.00
# Visual Studio Version 16
VisualStudioVersion = 16.0.29709.97
MinimumVisualStudioVersion = 10.0.40219.1
Project("{8BC9CEB8-8B4A-11D0-8D11-00A0C91BC942}") = "programowanie_obiektowe_CPP_zaliczenie", "programowanie_obiektowe_CPP_zaliczenie.vcxproj", "{61DE2A15-F585-4338-8052-4356C3CA8C8D}"
EndProject
Global
	GlobalSection(SolutionConfigurationPlatforms) = preSolution
		Debug|x64 = Debug|x64
		Debug|x86 = Debug|x86
		Release|x64 = Release|x64
		Release|x86 = Release|x86
	EndGlobalSection
	GlobalSection(ProjectConfigurationPlatforms) = postSolution
		{61DE2A15-F585-4338-8052-4356C3CA8C8D}.Debug|x64.ActiveCfg = Debug|x64
		{61DE2A15-F585-4338-8052-4356C3CA8C8D}.Debug|x64.Build.0 = Debug|x64
		{61DE2A15-F585-4338-8052-4356C3CA8C8D}.Debug|x86.ActiveCfg = Debug|Win32
		{61DE2A15-F585-4338-8052-4356C3CA8C8D}.Debug|x86.Build.0 = Debug|Win32
		{61DE2A15-F585-4338-8052-4356C3CA8C8D}.Release|x64.ActiveCfg = Release|x64
		{61DE2A15-F585-4338-8052-4356C3CA8C8D}.Release|x64.Build.0 = Release|x64
		{61DE2A15-F585-4338-8052-4356C3CA8C8D}.Release|x86.ActiveCfg = Release|Win32
		{61DE2A15-F585-4338-8052-4356C3CA8C8D}.Release|x86.Build.0 = Release|Win32
	EndGlobalSection
	GlobalSection(SolutionProperties) = preSolution
		HideSolutionNode = FALSE
	EndGlobalSection
	GlobalSection(ExtensibilityGlobals) = postSolution
		SolutionGuid = {BD3E0460-3FBA-468D-9345-A5FA26CB82CE}
	EndGlobalSection
EndGlobal
