<?xml version="1.0" encoding="utf-8"?>
<Project ToolsVersion="4.0" xmlns="http://schemas.microsoft.com/developer/msbuild/2003">
  <ItemGroup>
    <Filter Include="Source Files">
      <UniqueIdentifier>{4FC737F1-C7A5-4376-A066-2A32D752A2FF}</UniqueIdentifier>
      <Extensions>cpp;c;cc;cxx;def;odl;idl;hpj;bat;asm;asmx</Extensions>
    </Filter>
    <Filter Include="Header Files">
      <UniqueIdentifier>{93995380-89BD-4b04-88EB-625FBE52EBFB}</UniqueIdentifier>
      <Extensions>h;hh;hpp;hxx;hm;inl;inc;ipp;xsd</Extensions>
    </Filter>
    <Filter Include="Resource Files">
      <UniqueIdentifier>{67DA6AB6-F800-4c08-8B7A-83BB121AAD01}</UniqueIdentifier>
      <Extensions>rc;ico;cur;bmp;dlg;rc2;rct;bin;rgs;gif;jpg;jpeg;jpe;resx;tiff;tif;png;wav;mfcribbon-ms</Extensions>
    </Filter>
    <Filter Include="Header Files\Ruch">
      <UniqueIdentifier>{40966550-27e6-432c-b61d-cde4a994f26f}</UniqueIdentifier>
    </Filter>
    <Filter Include="Source Files\Ruch">
      <UniqueIdentifier>{3d6712b3-7237-4231-b970-51c9c1c3af74}</UniqueIdentifier>
    </Filter>
    <Filter Include="Header Files\Plansza">
      <UniqueIdentifier>{e1f94e05-4f10-4580-9eb6-f9208e25e0ca}</UniqueIdentifier>
    </Filter>
    <Filter Include="Source Files\Plansza">
      <UniqueIdentifier>{a0753323-da71-4ccf-90af-7ff3d1d7eb79}</UniqueIdentifier>
    </Filter>
  </ItemGroup>
  <ItemGroup>
    <ClCompile Include="mateusz_wloczewski_zaliczenie.cpp">
      <Filter>Source Files</Filter>
    </ClCompile>
    <ClCompile Include="Kontroler.cpp">
      <Filter>Source Files</Filter>
    </ClCompile>
    <ClCompile Include="Ui.cpp">
      <Filter>Source Files</Filter>
    </ClCompile>
    <ClCompile Include="Ruch.cpp">
      <Filter>Source Files\Ruch</Filter>
    </ClCompile>
    <ClCompile Include="RuchGracz.cpp">
      <Filter>Source Files\Ruch</Filter>
    </ClCompile>
    <ClCompile Include="RuchKomputer.cpp">
      <Filter>Source Files\Ruch</Filter>
    </ClCompile>
    <ClCompile Include="Plansza.cpp">
      <Filter>Source Files\Plansza</Filter>
    </ClCompile>
    <ClCompile Include="Pole.cpp">
      <Filter>Source Files\Plansza</Filter>
    </ClCompile>
  </ItemGroup>
  <ItemGroup>
    <ClInclude Include="Kontroler.h">
      <Filter>Header Files</Filter>
    </ClInclude>
    <ClInclude Include="Ui.h">
      <Filter>Header Files</Filter>
    </ClInclude>
    <ClInclude Include="Ruch.h">
      <Filter>Header Files\Ruch</Filter>
    </ClInclude>
    <ClInclude Include="RuchGracz.h">
      <Filter>Header Files\Ruch</Filter>
    </ClInclude>
    <ClInclude Include="RuchKomputer.h">
      <Filter>Header Files\Ruch</Filter>
    </ClInclude>
    <ClInclude Include="Pole.h">
      <Filter>Header Files\Plansza</Filter>
    </ClInclude>
    <ClInclude Include="Plansza.h">
      <Filter>Header Files\Plansza</Filter>
    </ClInclude>
  </ItemGroup>
</Project>